
Microsoft Visual Studio Solution File, Format Version 12.00
# Visual Studio Version 16
VisualStudioVersion = 16.0.28803.156
MinimumVisualStudioVersion = 10.0.40219.1
Project("{2150E333-8FDC-42A3-9474-1A3956D46DE8}") = "Domain", "Domain", "{DEF13D8A-62DD-4F5A-B509-27A10FCC0FFB}"
EndProject
Project("{2150E333-8FDC-42A3-9474-1A3956D46DE8}") = "Infra", "Infra", "{EC6ED89C-6006-4BEB-8711-377BD52AD5A4}"
EndProject
Project("{2150E333-8FDC-42A3-9474-1A3956D46DE8}") = "Microservices", "Microservices", "{D40AC17A-69DC-49DF-BE6D-D17D39ED8AA5}"
EndProject
Project("{2150E333-8FDC-42A3-9474-1A3956D46DE8}") = "Presentation", "Presentation", "{E9B96C5B-BD7E-4FFB-B420-3295FFA5D1FD}"
EndProject
Project("{2150E333-8FDC-42A3-9474-1A3956D46DE8}") = "Bus", "Bus", "{1956932C-84D0-49B4-8B2F-FB6D23DB1C0E}"
EndProject
Project("{2150E333-8FDC-42A3-9474-1A3956D46DE8}") = "IoC", "IoC", "{0932FB7B-D68B-49F6-80F2-4EAC978921A2}"
EndProject
Project("{FAE04EC0-301F-11D3-BF4B-00C04F79EFBC}") = "Project.Domain.Core", "aaa\Project.Domain.Core.csproj", "{353CB34F-D760-4317-A6C9-53DFFAAD028C}"
EndProject
Project("{FAE04EC0-301F-11D3-BF4B-00C04F79EFBC}") = "Infra.Bus", "Infra.Bus\Infra.Bus.csproj", "{0C9E96CF-F710-4501-AA25-0BF309109B05}"
EndProject
Project("{FAE04EC0-301F-11D3-BF4B-00C04F79EFBC}") = "Infra.IoC", "Infra.IoC\Infra.IoC.csproj", "{EDA1367F-EA94-4EE1-B599-260E2368D068}"
EndProject
Project("{2150E333-8FDC-42A3-9474-1A3956D46DE8}") = "Banking", "Banking", "{0FC25F5F-DD9E-4F45-ACB5-45DDE8DC2397}"
EndProject
Project("{2150E333-8FDC-42A3-9474-1A3956D46DE8}") = "Api", "Api", "{441C2F08-CA0F-4869-8D4B-B16BACB68B7A}"
EndProject
Project("{2150E333-8FDC-42A3-9474-1A3956D46DE8}") = "Domain", "Domain", "{8415ACEF-A2BA-43C0-B768-EC426838B192}"
EndProject
Project("{2150E333-8FDC-42A3-9474-1A3956D46DE8}") = "Application", "Application", "{A11CEA19-39F5-47EB-B375-818E3F872D85}"
EndProject
Project("{2150E333-8FDC-42A3-9474-1A3956D46DE8}") = "Data", "Data", "{C82668EA-BBE0-4250-8DFD-CB2B960D215E}"
EndProject
Project("{FAE04EC0-301F-11D3-BF4B-00C04F79EFBC}") = "Banking.API", "Banking.API\Banking.API.csproj", "{16E6501C-9845-4779-BF3E-B03DE0F68559}"
EndProject
Project("{FAE04EC0-301F-11D3-BF4B-00C04F79EFBC}") = "Banking.Application", "Banking.Application\Banking.Application.csproj", "{C87CD962-DE6B-4F3B-BD23-677065075DE7}"
EndProject
Project("{FAE04EC0-301F-11D3-BF4B-00C04F79EFBC}") = "Bankings.Data", "Bankings.Data\Bankings.Data.csproj", "{114CFEF6-0E88-408C-83C7-AD5876026FFA}"
EndProject
Project("{FAE04EC0-301F-11D3-BF4B-00C04F79EFBC}") = "Banking.Domain", "Banking.Domain\Banking.Domain.csproj", "{C62E8844-076D-4706-8E37-651019736A67}"
EndProject
Global
	GlobalSection(SolutionConfigurationPlatforms) = preSolution
		Debug|Any CPU = Debug|Any CPU
		Debug|ARM = Debug|ARM
		Debug|ARM64 = Debug|ARM64
		Debug|x64 = Debug|x64
		Debug|x86 = Debug|x86
		Release|Any CPU = Release|Any CPU
		Release|ARM = Release|ARM
		Release|ARM64 = Release|ARM64
		Release|x64 = Release|x64
		Release|x86 = Release|x86
	EndGlobalSection
	GlobalSection(ProjectConfigurationPlatforms) = postSolution
		{353CB34F-D760-4317-A6C9-53DFFAAD028C}.Debug|Any CPU.ActiveCfg = Debug|Any CPU
		{353CB34F-D760-4317-A6C9-53DFFAAD028C}.Debug|Any CPU.Build.0 = Debug|Any CPU
		{353CB34F-D760-4317-A6C9-53DFFAAD028C}.Debug|ARM.ActiveCfg = Debug|Any CPU
		{353CB34F-D760-4317-A6C9-53DFFAAD028C}.Debug|ARM.Build.0 = Debug|Any CPU
		{353CB34F-D760-4317-A6C9-53DFFAAD028C}.Debug|ARM64.ActiveCfg = Debug|Any CPU
		{353CB34F-D760-4317-A6C9-53DFFAAD028C}.Debug|ARM64.Build.0 = Debug|Any CPU
		{353CB34F-D760-4317-A6C9-53DFFAAD028C}.Debug|x64.ActiveCfg = Debug|Any CPU
		{353CB34F-D760-4317-A6C9-53DFFAAD028C}.Debug|x64.Build.0 = Debug|Any CPU
		{353CB34F-D760-4317-A6C9-53DFFAAD028C}.Debug|x86.ActiveCfg = Debug|Any CPU
		{353CB34F-D760-4317-A6C9-53DFFAAD028C}.Debug|x86.Build.0 = Debug|Any CPU
		{353CB34F-D760-4317-A6C9-53DFFAAD028C}.Release|Any CPU.ActiveCfg = Release|Any CPU
		{353CB34F-D760-4317-A6C9-53DFFAAD028C}.Release|Any CPU.Build.0 = Release|Any CPU
		{353CB34F-D760-4317-A6C9-53DFFAAD028C}.Release|ARM.ActiveCfg = Release|Any CPU
		{353CB34F-D760-4317-A6C9-53DFFAAD028C}.Release|ARM.Build.0 = Release|Any CPU
		{353CB34F-D760-4317-A6C9-53DFFAAD028C}.Release|ARM64.ActiveCfg = Release|Any CPU
		{353CB34F-D760-4317-A6C9-53DFFAAD028C}.Release|ARM64.Build.0 = Release|Any CPU
		{353CB34F-D760-4317-A6C9-53DFFAAD028C}.Release|x64.ActiveCfg = Release|Any CPU
		{353CB34F-D760-4317-A6C9-53DFFAAD028C}.Release|x64.Build.0 = Release|Any CPU
		{353CB34F-D760-4317-A6C9-53DFFAAD028C}.Release|x86.ActiveCfg = Release|Any CPU
		{353CB34F-D760-4317-A6C9-53DFFAAD028C}.Release|x86.Build.0 = Release|Any CPU
		{0C9E96CF-F710-4501-AA25-0BF309109B05}.Debug|Any CPU.ActiveCfg = Debug|Any CPU
		{0C9E96CF-F710-4501-AA25-0BF309109B05}.Debug|Any CPU.Build.0 = Debug|Any CPU
		{0C9E96CF-F710-4501-AA25-0BF309109B05}.Debug|ARM.ActiveCfg = Debug|Any CPU
		{0C9E96CF-F710-4501-AA25-0BF309109B05}.Debug|ARM.Build.0 = Debug|Any CPU
		{0C9E96CF-F710-4501-AA25-0BF309109B05}.Debug|ARM64.ActiveCfg = Debug|Any CPU
		{0C9E96CF-F710-4501-AA25-0BF309109B05}.Debug|ARM64.Build.0 = Debug|Any CPU
		{0C9E96CF-F710-4501-AA25-0BF309109B05}.Debug|x64.ActiveCfg = Debug|Any CPU
		{0C9E96CF-F710-4501-AA25-0BF309109B05}.Debug|x64.Build.0 = Debug|Any CPU
		{0C9E96CF-F710-4501-AA25-0BF309109B05}.Debug|x86.ActiveCfg = Debug|Any CPU
		{0C9E96CF-F710-4501-AA25-0BF309109B05}.Debug|x86.Build.0 = Debug|Any CPU
		{0C9E96CF-F710-4501-AA25-0BF309109B05}.Release|Any CPU.ActiveCfg = Release|Any CPU
		{0C9E96CF-F710-4501-AA25-0BF309109B05}.Release|Any CPU.Build.0 = Release|Any CPU
		{0C9E96CF-F710-4501-AA25-0BF309109B05}.Release|ARM.ActiveCfg = Release|Any CPU
		{0C9E96CF-F710-4501-AA25-0BF309109B05}.Release|ARM.Build.0 = Release|Any CPU
		{0C9E96CF-F710-4501-AA25-0BF309109B05}.Release|ARM64.ActiveCfg = Release|Any CPU
		{0C9E96CF-F710-4501-AA25-0BF309109B05}.Release|ARM64.Build.0 = Release|Any CPU
		{0C9E96CF-F710-4501-AA25-0BF309109B05}.Release|x64.ActiveCfg = Release|Any CPU
		{0C9E96CF-F710-4501-AA25-0BF309109B05}.Release|x64.Build.0 = Release|Any CPU
		{0C9E96CF-F710-4501-AA25-0BF309109B05}.Release|x86.ActiveCfg = Release|Any CPU
		{0C9E96CF-F710-4501-AA25-0BF309109B05}.Release|x86.Build.0 = Release|Any CPU
		{EDA1367F-EA94-4EE1-B599-260E2368D068}.Debug|Any CPU.ActiveCfg = Debug|Any CPU
		{EDA1367F-EA94-4EE1-B599-260E2368D068}.Debug|Any CPU.Build.0 = Debug|Any CPU
		{EDA1367F-EA94-4EE1-B599-260E2368D068}.Debug|ARM.ActiveCfg = Debug|Any CPU
		{EDA1367F-EA94-4EE1-B599-260E2368D068}.Debug|ARM.Build.0 = Debug|Any CPU
		{EDA1367F-EA94-4EE1-B599-260E2368D068}.Debug|ARM64.ActiveCfg = Debug|Any CPU
		{EDA1367F-EA94-4EE1-B599-260E2368D068}.Debug|ARM64.Build.0 = Debug|Any CPU
		{EDA1367F-EA94-4EE1-B599-260E2368D068}.Debug|x64.ActiveCfg = Debug|Any CPU
		{EDA1367F-EA94-4EE1-B599-260E2368D068}.Debug|x64.Build.0 = Debug|Any CPU
		{EDA1367F-EA94-4EE1-B599-260E2368D068}.Debug|x86.ActiveCfg = Debug|Any CPU
		{EDA1367F-EA94-4EE1-B599-260E2368D068}.Debug|x86.Build.0 = Debug|Any CPU
		{EDA1367F-EA94-4EE1-B599-260E2368D068}.Release|Any CPU.ActiveCfg = Release|Any CPU
		{EDA1367F-EA94-4EE1-B599-260E2368D068}.Release|Any CPU.Build.0 = Release|Any CPU
		{EDA1367F-EA94-4EE1-B599-260E2368D068}.Release|ARM.ActiveCfg = Release|Any CPU
		{EDA1367F-EA94-4EE1-B599-260E2368D068}.Release|ARM.Build.0 = Release|Any CPU
		{EDA1367F-EA94-4EE1-B599-260E2368D068}.Release|ARM64.ActiveCfg = Release|Any CPU
		{EDA1367F-EA94-4EE1-B599-260E2368D068}.Release|ARM64.Build.0 = Release|Any CPU
		{EDA1367F-EA94-4EE1-B599-260E2368D068}.Release|x64.ActiveCfg = Release|Any CPU
		{EDA1367F-EA94-4EE1-B599-260E2368D068}.Release|x64.Build.0 = Release|Any CPU
		{EDA1367F-EA94-4EE1-B599-260E2368D068}.Release|x86.ActiveCfg = Release|Any CPU
		{EDA1367F-EA94-4EE1-B599-260E2368D068}.Release|x86.Build.0 = Release|Any CPU
		{16E6501C-9845-4779-BF3E-B03DE0F68559}.Debug|Any CPU.ActiveCfg = Debug|Any CPU
		{16E6501C-9845-4779-BF3E-B03DE0F68559}.Debug|Any CPU.Build.0 = Debug|Any CPU
		{16E6501C-9845-4779-BF3E-B03DE0F68559}.Debug|ARM.ActiveCfg = Debug|Any CPU
		{16E6501C-9845-4779-BF3E-B03DE0F68559}.Debug|ARM.Build.0 = Debug|Any CPU
		{16E6501C-9845-4779-BF3E-B03DE0F68559}.Debug|ARM64.ActiveCfg = Debug|Any CPU
		{16E6501C-9845-4779-BF3E-B03DE0F68559}.Debug|ARM64.Build.0 = Debug|Any CPU
		{16E6501C-9845-4779-BF3E-B03DE0F68559}.Debug|x64.ActiveCfg = Debug|Any CPU
		{16E6501C-9845-4779-BF3E-B03DE0F68559}.Debug|x64.Build.0 = Debug|Any CPU
		{16E6501C-9845-4779-BF3E-B03DE0F68559}.Debug|x86.ActiveCfg = Debug|Any CPU
		{16E6501C-9845-4779-BF3E-B03DE0F68559}.Debug|x86.Build.0 = Debug|Any CPU
		{16E6501C-9845-4779-BF3E-B03DE0F68559}.Release|Any CPU.ActiveCfg = Release|Any CPU
		{16E6501C-9845-4779-BF3E-B03DE0F68559}.Release|Any CPU.Build.0 = Release|Any CPU
		{16E6501C-9845-4779-BF3E-B03DE0F68559}.Release|ARM.ActiveCfg = Release|Any CPU
		{16E6501C-9845-4779-BF3E-B03DE0F68559}.Release|ARM.Build.0 = Release|Any CPU
		{16E6501C-9845-4779-BF3E-B03DE0F68559}.Release|ARM64.ActiveCfg = Release|Any CPU
		{16E6501C-9845-4779-BF3E-B03DE0F68559}.Release|ARM64.Build.0 = Release|Any CPU
		{16E6501C-9845-4779-BF3E-B03DE0F68559}.Release|x64.ActiveCfg = Release|Any CPU
		{16E6501C-9845-4779-BF3E-B03DE0F68559}.Release|x64.Build.0 = Release|Any CPU
		{16E6501C-9845-4779-BF3E-B03DE0F68559}.Release|x86.ActiveCfg = Release|Any CPU
		{16E6501C-9845-4779-BF3E-B03DE0F68559}.Release|x86.Build.0 = Release|Any CPU
		{C87CD962-DE6B-4F3B-BD23-677065075DE7}.Debug|Any CPU.ActiveCfg = Debug|Any CPU
		{C87CD962-DE6B-4F3B-BD23-677065075DE7}.Debug|Any CPU.Build.0 = Debug|Any CPU
		{C87CD962-DE6B-4F3B-BD23-677065075DE7}.Debug|ARM.ActiveCfg = Debug|Any CPU
		{C87CD962-DE6B-4F3B-BD23-677065075DE7}.Debug|ARM.Build.0 = Debug|Any CPU
		{C87CD962-DE6B-4F3B-BD23-677065075DE7}.Debug|ARM64.ActiveCfg = Debug|Any CPU
		{C87CD962-DE6B-4F3B-BD23-677065075DE7}.Debug|ARM64.Build.0 = Debug|Any CPU
		{C87CD962-DE6B-4F3B-BD23-677065075DE7}.Debug|x64.ActiveCfg = Debug|Any CPU
		{C87CD962-DE6B-4F3B-BD23-677065075DE7}.Debug|x64.Build.0 = Debug|Any CPU
		{C87CD962-DE6B-4F3B-BD23-677065075DE7}.Debug|x86.ActiveCfg = Debug|Any CPU
		{C87CD962-DE6B-4F3B-BD23-677065075DE7}.Debug|x86.Build.0 = Debug|Any CPU
		{C87CD962-DE6B-4F3B-BD23-677065075DE7}.Release|Any CPU.ActiveCfg = Release|Any CPU
		{C87CD962-DE6B-4F3B-BD23-677065075DE7}.Release|Any CPU.Build.0 = Release|Any CPU
		{C87CD962-DE6B-4F3B-BD23-677065075DE7}.Release|ARM.ActiveCfg = Release|Any CPU
		{C87CD962-DE6B-4F3B-BD23-677065075DE7}.Release|ARM.Build.0 = Release|Any CPU
		{C87CD962-DE6B-4F3B-BD23-677065075DE7}.Release|ARM64.ActiveCfg = Release|Any CPU
		{C87CD962-DE6B-4F3B-BD23-677065075DE7}.Release|ARM64.Build.0 = Release|Any CPU
		{C87CD962-DE6B-4F3B-BD23-677065075DE7}.Release|x64.ActiveCfg = Release|Any CPU
		{C87CD962-DE6B-4F3B-BD23-677065075DE7}.Release|x64.Build.0 = Release|Any CPU
		{C87CD962-DE6B-4F3B-BD23-677065075DE7}.Release|x86.ActiveCfg = Release|Any CPU
		{C87CD962-DE6B-4F3B-BD23-677065075DE7}.Release|x86.Build.0 = Release|Any CPU
		{114CFEF6-0E88-408C-83C7-AD5876026FFA}.Debug|Any CPU.ActiveCfg = Debug|Any CPU
		{114CFEF6-0E88-408C-83C7-AD5876026FFA}.Debug|Any CPU.Build.0 = Debug|Any CPU
		{114CFEF6-0E88-408C-83C7-AD5876026FFA}.Debug|ARM.ActiveCfg = Debug|Any CPU
		{114CFEF6-0E88-408C-83C7-AD5876026FFA}.Debug|ARM.Build.0 = Debug|Any CPU
		{114CFEF6-0E88-408C-83C7-AD5876026FFA}.Debug|ARM64.ActiveCfg = Debug|Any CPU
		{114CFEF6-0E88-408C-83C7-AD5876026FFA}.Debug|ARM64.Build.0 = Debug|Any CPU
		{114CFEF6-0E88-408C-83C7-AD5876026FFA}.Debug|x64.ActiveCfg = Debug|Any CPU
		{114CFEF6-0E88-408C-83C7-AD5876026FFA}.Debug|x64.Build.0 = Debug|Any CPU
		{114CFEF6-0E88-408C-83C7-AD5876026FFA}.Debug|x86.ActiveCfg = Debug|Any CPU
		{114CFEF6-0E88-408C-83C7-AD5876026FFA}.Debug|x86.Build.0 = Debug|Any CPU
		{114CFEF6-0E88-408C-83C7-AD5876026FFA}.Release|Any CPU.ActiveCfg = Release|Any CPU
		{114CFEF6-0E88-408C-83C7-AD5876026FFA}.Release|Any CPU.Build.0 = Release|Any CPU
		{114CFEF6-0E88-408C-83C7-AD5876026FFA}.Release|ARM.ActiveCfg = Release|Any CPU
		{114CFEF6-0E88-408C-83C7-AD5876026FFA}.Release|ARM.Build.0 = Release|Any CPU
		{114CFEF6-0E88-408C-83C7-AD5876026FFA}.Release|ARM64.ActiveCfg = Release|Any CPU
		{114CFEF6-0E88-408C-83C7-AD5876026FFA}.Release|ARM64.Build.0 = Release|Any CPU
		{114CFEF6-0E88-408C-83C7-AD5876026FFA}.Release|x64.ActiveCfg = Release|Any CPU
		{114CFEF6-0E88-408C-83C7-AD5876026FFA}.Release|x64.Build.0 = Release|Any CPU
		{114CFEF6-0E88-408C-83C7-AD5876026FFA}.Release|x86.ActiveCfg = Release|Any CPU
		{114CFEF6-0E88-408C-83C7-AD5876026FFA}.Release|x86.Build.0 = Release|Any CPU
		{C62E8844-076D-4706-8E37-651019736A67}.Debug|Any CPU.ActiveCfg = Debug|Any CPU
		{C62E8844-076D-4706-8E37-651019736A67}.Debug|Any CPU.Build.0 = Debug|Any CPU
		{C62E8844-076D-4706-8E37-651019736A67}.Debug|ARM.ActiveCfg = Debug|Any CPU
		{C62E8844-076D-4706-8E37-651019736A67}.Debug|ARM.Build.0 = Debug|Any CPU
		{C62E8844-076D-4706-8E37-651019736A67}.Debug|ARM64.ActiveCfg = Debug|Any CPU
		{C62E8844-076D-4706-8E37-651019736A67}.Debug|ARM64.Build.0 = Debug|Any CPU
		{C62E8844-076D-4706-8E37-651019736A67}.Debug|x64.ActiveCfg = Debug|Any CPU
		{C62E8844-076D-4706-8E37-651019736A67}.Debug|x64.Build.0 = Debug|Any CPU
		{C62E8844-076D-4706-8E37-651019736A67}.Debug|x86.ActiveCfg = Debug|Any CPU
		{C62E8844-076D-4706-8E37-651019736A67}.Debug|x86.Build.0 = Debug|Any CPU
		{C62E8844-076D-4706-8E37-651019736A67}.Release|Any CPU.ActiveCfg = Release|Any CPU
		{C62E8844-076D-4706-8E37-651019736A67}.Release|Any CPU.Build.0 = Release|Any CPU
		{C62E8844-076D-4706-8E37-651019736A67}.Release|ARM.ActiveCfg = Release|Any CPU
		{C62E8844-076D-4706-8E37-651019736A67}.Release|ARM.Build.0 = Release|Any CPU
		{C62E8844-076D-4706-8E37-651019736A67}.Release|ARM64.ActiveCfg = Release|Any CPU
		{C62E8844-076D-4706-8E37-651019736A67}.Release|ARM64.Build.0 = Release|Any CPU
		{C62E8844-076D-4706-8E37-651019736A67}.Release|x64.ActiveCfg = Release|Any CPU
		{C62E8844-076D-4706-8E37-651019736A67}.Release|x64.Build.0 = Release|Any CPU
		{C62E8844-076D-4706-8E37-651019736A67}.Release|x86.ActiveCfg = Release|Any CPU
		{C62E8844-076D-4706-8E37-651019736A67}.Release|x86.Build.0 = Release|Any CPU
	EndGlobalSection
	GlobalSection(SolutionProperties) = preSolution
		HideSolutionNode = FALSE
	EndGlobalSection
	GlobalSection(NestedProjects) = preSolution
		{1956932C-84D0-49B4-8B2F-FB6D23DB1C0E} = {EC6ED89C-6006-4BEB-8711-377BD52AD5A4}
		{0932FB7B-D68B-49F6-80F2-4EAC978921A2} = {EC6ED89C-6006-4BEB-8711-377BD52AD5A4}
		{353CB34F-D760-4317-A6C9-53DFFAAD028C} = {DEF13D8A-62DD-4F5A-B509-27A10FCC0FFB}
		{0C9E96CF-F710-4501-AA25-0BF309109B05} = {1956932C-84D0-49B4-8B2F-FB6D23DB1C0E}
		{EDA1367F-EA94-4EE1-B599-260E2368D068} = {0932FB7B-D68B-49F6-80F2-4EAC978921A2}
		{0FC25F5F-DD9E-4F45-ACB5-45DDE8DC2397} = {D40AC17A-69DC-49DF-BE6D-D17D39ED8AA5}
		{441C2F08-CA0F-4869-8D4B-B16BACB68B7A} = {0FC25F5F-DD9E-4F45-ACB5-45DDE8DC2397}
		{8415ACEF-A2BA-43C0-B768-EC426838B192} = {0FC25F5F-DD9E-4F45-ACB5-45DDE8DC2397}
		{A11CEA19-39F5-47EB-B375-818E3F872D85} = {0FC25F5F-DD9E-4F45-ACB5-45DDE8DC2397}
		{C82668EA-BBE0-4250-8DFD-CB2B960D215E} = {0FC25F5F-DD9E-4F45-ACB5-45DDE8DC2397}
		{16E6501C-9845-4779-BF3E-B03DE0F68559} = {441C2F08-CA0F-4869-8D4B-B16BACB68B7A}
		{C87CD962-DE6B-4F3B-BD23-677065075DE7} = {A11CEA19-39F5-47EB-B375-818E3F872D85}
		{114CFEF6-0E88-408C-83C7-AD5876026FFA} = {C82668EA-BBE0-4250-8DFD-CB2B960D215E}
		{C62E8844-076D-4706-8E37-651019736A67} = {8415ACEF-A2BA-43C0-B768-EC426838B192}
	EndGlobalSection
	GlobalSection(ExtensibilityGlobals) = postSolution
		SolutionGuid = {42CDC0A9-3A56-4FC0-BF7F-E9421D31BFB2}
	EndGlobalSection
EndGlobal
